
Microsoft Visual Studio Solution File, Format Version 12.00
# Visual Studio Version 16
VisualStudioVersion = 16.0.31424.327
MinimumVisualStudioVersion = 10.0.40219.1
Project("{FAE04EC0-301F-11D3-BF4B-00C04F79EFBC}") = "RedisVideo.Common", "RedisVideo.Common\RedisVideo.Common.csproj", "{8EBFA010-8A2A-4943-9186-BD8A120CB6B5}"
EndProject
Project("{FAE04EC0-301F-11D3-BF4B-00C04F79EFBC}") = "RedisVideo.Master", "RedisVideo.Master\RedisVideo.Master.csproj", "{2B1BD3BD-CF1F-493A-A86B-34B5B2BF2070}"
EndProject
Project("{FAE04EC0-301F-11D3-BF4B-00C04F79EFBC}") = "RedisVideo.Child", "RedisVideo.Child\RedisVideo.Child.csproj", "{7C115E15-9262-42E3-AF95-77FEF5176A5F}"
EndProject
Global
	GlobalSection(SolutionConfigurationPlatforms) = preSolution
		Debug|Any CPU = Debug|Any CPU
		Release|Any CPU = Release|Any CPU
	EndGlobalSection
	GlobalSection(ProjectConfigurationPlatforms) = postSolution
		{8EBFA010-8A2A-4943-9186-BD8A120CB6B5}.Debug|Any CPU.ActiveCfg = Debug|Any CPU
		{8EBFA010-8A2A-4943-9186-BD8A120CB6B5}.Debug|Any CPU.Build.0 = Debug|Any CPU
		{8EBFA010-8A2A-4943-9186-BD8A120CB6B5}.Release|Any CPU.ActiveCfg = Release|Any CPU
		{8EBFA010-8A2A-4943-9186-BD8A120CB6B5}.Release|Any CPU.Build.0 = Release|Any CPU
		{2B1BD3BD-CF1F-493A-A86B-34B5B2BF2070}.Debug|Any CPU.ActiveCfg = Debug|Any CPU
		{2B1BD3BD-CF1F-493A-A86B-34B5B2BF2070}.Debug|Any CPU.Build.0 = Debug|Any CPU
		{2B1BD3BD-CF1F-493A-A86B-34B5B2BF2070}.Release|Any CPU.ActiveCfg = Release|Any CPU
		{2B1BD3BD-CF1F-493A-A86B-34B5B2BF2070}.Release|Any CPU.Build.0 = Release|Any CPU
		{7C115E15-9262-42E3-AF95-77FEF5176A5F}.Debug|Any CPU.ActiveCfg = Debug|Any CPU
		{7C115E15-9262-42E3-AF95-77FEF5176A5F}.Debug|Any CPU.Build.0 = Debug|Any CPU
		{7C115E15-9262-42E3-AF95-77FEF5176A5F}.Release|Any CPU.ActiveCfg = Release|Any CPU
		{7C115E15-9262-42E3-AF95-77FEF5176A5F}.Release|Any CPU.Build.0 = Release|Any CPU
	EndGlobalSection
	GlobalSection(SolutionProperties) = preSolution
		HideSolutionNode = FALSE
	EndGlobalSection
	GlobalSection(ExtensibilityGlobals) = postSolution
		SolutionGuid = {D73539AF-4C13-4A60-80F6-5F5ACF3F0DD8}
	EndGlobalSection
EndGlobal
